
Microsoft Visual Studio Solution File, Format Version 11.00
# Visual Studio 2010
Project("{FAE04EC0-301F-11D3-BF4B-00C04F79EFBC}") = "Vectorizer", "Vectorizer\Vectorizer.csproj", "{9D6B7727-1F1D-459C-94A8-37ECB5F433F8}"
EndProject
Project("{FAE04EC0-301F-11D3-BF4B-00C04F79EFBC}") = "VectorizerTest", "VectorizerTest\VectorizerTest.csproj", "{5BE1DFA9-F688-4465-86FD-F62750560B96}"
EndProject
Project("{2150E333-8FDC-42A3-9474-1A3956D46DE8}") = "Solution Items", "Solution Items", "{2433F022-0550-460F-B3F5-3DA0313CDBED}"
	ProjectSection(SolutionItems) = preProject
		LocalTestRun.testrunconfig = LocalTestRun.testrunconfig
		Performance2.psess = Performance2.psess
		Vectorizer.vsmdi = Vectorizer.vsmdi
	EndProjectSection
EndProject
Project("{FAE04EC0-301F-11D3-BF4B-00C04F79EFBC}") = "Generic", "..\CSharpCommonLibrary\Generic\Generic.csproj", "{5643762F-7CF4-4ECD-AA96-71C814A71D95}"
EndProject
Global
	GlobalSection(TestCaseManagementSettings) = postSolution
		CategoryFile = Vectorizer.vsmdi
	EndGlobalSection
	GlobalSection(SolutionConfigurationPlatforms) = preSolution
		Debug|Any CPU = Debug|Any CPU
		Debug|x64 = Debug|x64
		Debug|x86 = Debug|x86
		Release|Any CPU = Release|Any CPU
		Release|x64 = Release|x64
		Release|x86 = Release|x86
	EndGlobalSection
	GlobalSection(ProjectConfigurationPlatforms) = postSolution
		{9D6B7727-1F1D-459C-94A8-37ECB5F433F8}.Debug|Any CPU.ActiveCfg = Debug|Any CPU
		{9D6B7727-1F1D-459C-94A8-37ECB5F433F8}.Debug|Any CPU.Build.0 = Debug|Any CPU
		{9D6B7727-1F1D-459C-94A8-37ECB5F433F8}.Debug|x64.ActiveCfg = Debug|x64
		{9D6B7727-1F1D-459C-94A8-37ECB5F433F8}.Debug|x64.Build.0 = Debug|x64
		{9D6B7727-1F1D-459C-94A8-37ECB5F433F8}.Debug|x86.ActiveCfg = Debug|Any CPU
		{9D6B7727-1F1D-459C-94A8-37ECB5F433F8}.Debug|x86.Build.0 = Debug|Any CPU
		{9D6B7727-1F1D-459C-94A8-37ECB5F433F8}.Release|Any CPU.ActiveCfg = Release|Any CPU
		{9D6B7727-1F1D-459C-94A8-37ECB5F433F8}.Release|Any CPU.Build.0 = Release|Any CPU
		{9D6B7727-1F1D-459C-94A8-37ECB5F433F8}.Release|x64.ActiveCfg = Release|x64
		{9D6B7727-1F1D-459C-94A8-37ECB5F433F8}.Release|x64.Build.0 = Release|x64
		{9D6B7727-1F1D-459C-94A8-37ECB5F433F8}.Release|x86.ActiveCfg = Release|x86
		{9D6B7727-1F1D-459C-94A8-37ECB5F433F8}.Release|x86.Build.0 = Release|x86
		{5BE1DFA9-F688-4465-86FD-F62750560B96}.Debug|Any CPU.ActiveCfg = Debug|Any CPU
		{5BE1DFA9-F688-4465-86FD-F62750560B96}.Debug|Any CPU.Build.0 = Debug|Any CPU
		{5BE1DFA9-F688-4465-86FD-F62750560B96}.Debug|x64.ActiveCfg = Debug|x64
		{5BE1DFA9-F688-4465-86FD-F62750560B96}.Debug|x64.Build.0 = Debug|x64
		{5BE1DFA9-F688-4465-86FD-F62750560B96}.Debug|x86.ActiveCfg = Debug|Any CPU
		{5BE1DFA9-F688-4465-86FD-F62750560B96}.Debug|x86.Build.0 = Debug|Any CPU
		{5BE1DFA9-F688-4465-86FD-F62750560B96}.Release|Any CPU.ActiveCfg = Release|Any CPU
		{5BE1DFA9-F688-4465-86FD-F62750560B96}.Release|Any CPU.Build.0 = Release|Any CPU
		{5BE1DFA9-F688-4465-86FD-F62750560B96}.Release|x64.ActiveCfg = Release|x64
		{5BE1DFA9-F688-4465-86FD-F62750560B96}.Release|x64.Build.0 = Release|x64
		{5BE1DFA9-F688-4465-86FD-F62750560B96}.Release|x86.ActiveCfg = Release|x86
		{5BE1DFA9-F688-4465-86FD-F62750560B96}.Release|x86.Build.0 = Release|x86
		{5643762F-7CF4-4ECD-AA96-71C814A71D95}.Debug|Any CPU.ActiveCfg = Debug|Any CPU
		{5643762F-7CF4-4ECD-AA96-71C814A71D95}.Debug|Any CPU.Build.0 = Debug|Any CPU
		{5643762F-7CF4-4ECD-AA96-71C814A71D95}.Debug|x64.ActiveCfg = Debug|x64
		{5643762F-7CF4-4ECD-AA96-71C814A71D95}.Debug|x64.Build.0 = Debug|x64
		{5643762F-7CF4-4ECD-AA96-71C814A71D95}.Debug|x86.ActiveCfg = Debug|x86
		{5643762F-7CF4-4ECD-AA96-71C814A71D95}.Debug|x86.Build.0 = Debug|x86
		{5643762F-7CF4-4ECD-AA96-71C814A71D95}.Release|Any CPU.ActiveCfg = Release|Any CPU
		{5643762F-7CF4-4ECD-AA96-71C814A71D95}.Release|Any CPU.Build.0 = Release|Any CPU
		{5643762F-7CF4-4ECD-AA96-71C814A71D95}.Release|x64.ActiveCfg = Release|x64
		{5643762F-7CF4-4ECD-AA96-71C814A71D95}.Release|x64.Build.0 = Release|x64
		{5643762F-7CF4-4ECD-AA96-71C814A71D95}.Release|x86.ActiveCfg = Release|x86
		{5643762F-7CF4-4ECD-AA96-71C814A71D95}.Release|x86.Build.0 = Release|x86
	EndGlobalSection
	GlobalSection(SolutionProperties) = preSolution
		HideSolutionNode = FALSE
	EndGlobalSection
EndGlobal
